
Microsoft Visual Studio Solution File, Format Version 12.00
# Visual Studio Express 2012 for Windows Desktop
Project("{FAE04EC0-301F-11D3-BF4B-00C04F79EFBC}") = "object-practice-2016", "object-practice-2016\object-practice-2016.csproj", "{5D54CF85-1E4A-40FB-8C40-AF05B6BF0F5A}"
EndProject
Global
	GlobalSection(SolutionConfigurationPlatforms) = preSolution
		Debug|Any CPU = Debug|Any CPU
		Release|Any CPU = Release|Any CPU
	EndGlobalSection
	GlobalSection(ProjectConfigurationPlatforms) = postSolution
		{5D54CF85-1E4A-40FB-8C40-AF05B6BF0F5A}.Debug|Any CPU.ActiveCfg = Debug|Any CPU
		{5D54CF85-1E4A-40FB-8C40-AF05B6BF0F5A}.Debug|Any CPU.Build.0 = Debug|Any CPU
		{5D54CF85-1E4A-40FB-8C40-AF05B6BF0F5A}.Release|Any CPU.ActiveCfg = Release|Any CPU
		{5D54CF85-1E4A-40FB-8C40-AF05B6BF0F5A}.Release|Any CPU.Build.0 = Release|Any CPU
	EndGlobalSection
	GlobalSection(SolutionProperties) = preSolution
		HideSolutionNode = FALSE
	EndGlobalSection
EndGlobal
